
Microsoft Visual Studio Solution File, Format Version 12.00
# Visual Studio Version 16
VisualStudioVersion = 16.0.31410.357
MinimumVisualStudioVersion = 10.0.40219.1
Project("{FAE04EC0-301F-11D3-BF4B-00C04F79EFBC}") = "VD1", "VD1\VD1.csproj", "{AA460A0F-CFD7-4824-A8BA-F341450DDC8B}"
EndProject
Project("{FAE04EC0-301F-11D3-BF4B-00C04F79EFBC}") = "VD2", "VD2\VD2.csproj", "{32F2994B-59BD-4733-97FE-1692185C9184}"
EndProject
Project("{FAE04EC0-301F-11D3-BF4B-00C04F79EFBC}") = "VD3", "VD3\VD3.csproj", "{D0D2AAA0-8030-49CC-813E-5A4715034EF4}"
EndProject
Project("{FAE04EC0-301F-11D3-BF4B-00C04F79EFBC}") = "VD4", "VD4\VD4.csproj", "{03AB6274-EF6C-4C0C-A2E7-6F5AD87148C9}"
EndProject
Project("{FAE04EC0-301F-11D3-BF4B-00C04F79EFBC}") = "VD5", "VD5\VD5.csproj", "{1676CFCA-4AAD-4586-934B-3369BA98DAE8}"
EndProject
Project("{FAE04EC0-301F-11D3-BF4B-00C04F79EFBC}") = "VD6", "VD6\VD6.csproj", "{706175BD-88AC-4D2A-BBB0-51F6C893DC23}"
EndProject
Project("{FAE04EC0-301F-11D3-BF4B-00C04F79EFBC}") = "VD7", "VD7\VD7.csproj", "{258850A8-E7D1-4D8F-B455-6DB5E2AC5645}"
EndProject
Project("{FAE04EC0-301F-11D3-BF4B-00C04F79EFBC}") = "VD8", "VD8\VD8.csproj", "{351B76CE-F00E-40C9-BD24-8FDE349B5114}"
EndProject
Project("{FAE04EC0-301F-11D3-BF4B-00C04F79EFBC}") = "VD9", "VD9\VD9.csproj", "{506ED9A8-796F-4EA3-8F9F-67A9A87EF6AD}"
EndProject
Project("{FAE04EC0-301F-11D3-BF4B-00C04F79EFBC}") = "VD10", "VD10\VD10.csproj", "{08FC500D-38F1-40B5-8FAD-0A4CACC526DB}"
EndProject
Project("{FAE04EC0-301F-11D3-BF4B-00C04F79EFBC}") = "VD11", "VD11\VD11.csproj", "{83F37EBB-6AA1-4116-B3BC-BE469F3554FF}"
EndProject
Project("{FAE04EC0-301F-11D3-BF4B-00C04F79EFBC}") = "VD12", "VD12\VD12.csproj", "{948AA4EE-4A35-4B9C-B288-895146CDBB81}"
EndProject
Project("{FAE04EC0-301F-11D3-BF4B-00C04F79EFBC}") = "VD13", "VD13\VD13.csproj", "{14AED106-8F2D-4D1D-8B26-F9BCBE6BBA0F}"
EndProject
Global
	GlobalSection(SolutionConfigurationPlatforms) = preSolution
		Debug|Any CPU = Debug|Any CPU
		Release|Any CPU = Release|Any CPU
	EndGlobalSection
	GlobalSection(ProjectConfigurationPlatforms) = postSolution
		{AA460A0F-CFD7-4824-A8BA-F341450DDC8B}.Debug|Any CPU.ActiveCfg = Debug|Any CPU
		{AA460A0F-CFD7-4824-A8BA-F341450DDC8B}.Debug|Any CPU.Build.0 = Debug|Any CPU
		{AA460A0F-CFD7-4824-A8BA-F341450DDC8B}.Release|Any CPU.ActiveCfg = Release|Any CPU
		{AA460A0F-CFD7-4824-A8BA-F341450DDC8B}.Release|Any CPU.Build.0 = Release|Any CPU
		{32F2994B-59BD-4733-97FE-1692185C9184}.Debug|Any CPU.ActiveCfg = Debug|Any CPU
		{32F2994B-59BD-4733-97FE-1692185C9184}.Debug|Any CPU.Build.0 = Debug|Any CPU
		{32F2994B-59BD-4733-97FE-1692185C9184}.Release|Any CPU.ActiveCfg = Release|Any CPU
		{32F2994B-59BD-4733-97FE-1692185C9184}.Release|Any CPU.Build.0 = Release|Any CPU
		{D0D2AAA0-8030-49CC-813E-5A4715034EF4}.Debug|Any CPU.ActiveCfg = Debug|Any CPU
		{D0D2AAA0-8030-49CC-813E-5A4715034EF4}.Debug|Any CPU.Build.0 = Debug|Any CPU
		{D0D2AAA0-8030-49CC-813E-5A4715034EF4}.Release|Any CPU.ActiveCfg = Release|Any CPU
		{D0D2AAA0-8030-49CC-813E-5A4715034EF4}.Release|Any CPU.Build.0 = Release|Any CPU
		{03AB6274-EF6C-4C0C-A2E7-6F5AD87148C9}.Debug|Any CPU.ActiveCfg = Debug|Any CPU
		{03AB6274-EF6C-4C0C-A2E7-6F5AD87148C9}.Debug|Any CPU.Build.0 = Debug|Any CPU
		{03AB6274-EF6C-4C0C-A2E7-6F5AD87148C9}.Release|Any CPU.ActiveCfg = Release|Any CPU
		{03AB6274-EF6C-4C0C-A2E7-6F5AD87148C9}.Release|Any CPU.Build.0 = Release|Any CPU
		{1676CFCA-4AAD-4586-934B-3369BA98DAE8}.Debug|Any CPU.ActiveCfg = Debug|Any CPU
		{1676CFCA-4AAD-4586-934B-3369BA98DAE8}.Debug|Any CPU.Build.0 = Debug|Any CPU
		{1676CFCA-4AAD-4586-934B-3369BA98DAE8}.Release|Any CPU.ActiveCfg = Release|Any CPU
		{1676CFCA-4AAD-4586-934B-3369BA98DAE8}.Release|Any CPU.Build.0 = Release|Any CPU
		{706175BD-88AC-4D2A-BBB0-51F6C893DC23}.Debug|Any CPU.ActiveCfg = Debug|Any CPU
		{706175BD-88AC-4D2A-BBB0-51F6C893DC23}.Debug|Any CPU.Build.0 = Debug|Any CPU
		{706175BD-88AC-4D2A-BBB0-51F6C893DC23}.Release|Any CPU.ActiveCfg = Release|Any CPU
		{706175BD-88AC-4D2A-BBB0-51F6C893DC23}.Release|Any CPU.Build.0 = Release|Any CPU
		{258850A8-E7D1-4D8F-B455-6DB5E2AC5645}.Debug|Any CPU.ActiveCfg = Debug|Any CPU
		{258850A8-E7D1-4D8F-B455-6DB5E2AC5645}.Debug|Any CPU.Build.0 = Debug|Any CPU
		{258850A8-E7D1-4D8F-B455-6DB5E2AC5645}.Release|Any CPU.ActiveCfg = Release|Any CPU
		{258850A8-E7D1-4D8F-B455-6DB5E2AC5645}.Release|Any CPU.Build.0 = Release|Any CPU
		{351B76CE-F00E-40C9-BD24-8FDE349B5114}.Debug|Any CPU.ActiveCfg = Debug|Any CPU
		{351B76CE-F00E-40C9-BD24-8FDE349B5114}.Debug|Any CPU.Build.0 = Debug|Any CPU
		{351B76CE-F00E-40C9-BD24-8FDE349B5114}.Release|Any CPU.ActiveCfg = Release|Any CPU
		{351B76CE-F00E-40C9-BD24-8FDE349B5114}.Release|Any CPU.Build.0 = Release|Any CPU
		{506ED9A8-796F-4EA3-8F9F-67A9A87EF6AD}.Debug|Any CPU.ActiveCfg = Debug|Any CPU
		{506ED9A8-796F-4EA3-8F9F-67A9A87EF6AD}.Debug|Any CPU.Build.0 = Debug|Any CPU
		{506ED9A8-796F-4EA3-8F9F-67A9A87EF6AD}.Release|Any CPU.ActiveCfg = Release|Any CPU
		{506ED9A8-796F-4EA3-8F9F-67A9A87EF6AD}.Release|Any CPU.Build.0 = Release|Any CPU
		{08FC500D-38F1-40B5-8FAD-0A4CACC526DB}.Debug|Any CPU.ActiveCfg = Debug|Any CPU
		{08FC500D-38F1-40B5-8FAD-0A4CACC526DB}.Debug|Any CPU.Build.0 = Debug|Any CPU
		{08FC500D-38F1-40B5-8FAD-0A4CACC526DB}.Release|Any CPU.ActiveCfg = Release|Any CPU
		{08FC500D-38F1-40B5-8FAD-0A4CACC526DB}.Release|Any CPU.Build.0 = Release|Any CPU
		{83F37EBB-6AA1-4116-B3BC-BE469F3554FF}.Debug|Any CPU.ActiveCfg = Debug|Any CPU
		{83F37EBB-6AA1-4116-B3BC-BE469F3554FF}.Debug|Any CPU.Build.0 = Debug|Any CPU
		{83F37EBB-6AA1-4116-B3BC-BE469F3554FF}.Release|Any CPU.ActiveCfg = Release|Any CPU
		{83F37EBB-6AA1-4116-B3BC-BE469F3554FF}.Release|Any CPU.Build.0 = Release|Any CPU
		{948AA4EE-4A35-4B9C-B288-895146CDBB81}.Debug|Any CPU.ActiveCfg = Debug|Any CPU
		{948AA4EE-4A35-4B9C-B288-895146CDBB81}.Debug|Any CPU.Build.0 = Debug|Any CPU
		{948AA4EE-4A35-4B9C-B288-895146CDBB81}.Release|Any CPU.ActiveCfg = Release|Any CPU
		{948AA4EE-4A35-4B9C-B288-895146CDBB81}.Release|Any CPU.Build.0 = Release|Any CPU
		{14AED106-8F2D-4D1D-8B26-F9BCBE6BBA0F}.Debug|Any CPU.ActiveCfg = Debug|Any CPU
		{14AED106-8F2D-4D1D-8B26-F9BCBE6BBA0F}.Debug|Any CPU.Build.0 = Debug|Any CPU
		{14AED106-8F2D-4D1D-8B26-F9BCBE6BBA0F}.Release|Any CPU.ActiveCfg = Release|Any CPU
		{14AED106-8F2D-4D1D-8B26-F9BCBE6BBA0F}.Release|Any CPU.Build.0 = Release|Any CPU
	EndGlobalSection
	GlobalSection(SolutionProperties) = preSolution
		HideSolutionNode = FALSE
	EndGlobalSection
	GlobalSection(ExtensibilityGlobals) = postSolution
		SolutionGuid = {D1F16E6B-8281-49AE-B8C4-97F7B3CDE677}
	EndGlobalSection
EndGlobal
