
Microsoft Visual Studio Solution File, Format Version 12.00
# Visual Studio Version 16
VisualStudioVersion = 16.0.31410.357
MinimumVisualStudioVersion = 10.0.40219.1
Project("{FAE04EC0-301F-11D3-BF4B-00C04F79EFBC}") = "VD1", "VD1\VD1.csproj", "{F491448E-C09C-4124-822D-11170C054726}"
EndProject
Project("{FAE04EC0-301F-11D3-BF4B-00C04F79EFBC}") = "VD2", "VD2\VD2.csproj", "{6391EA26-BCE1-4DBD-A3E5-38C7D71516DA}"
EndProject
Project("{FAE04EC0-301F-11D3-BF4B-00C04F79EFBC}") = "VD3", "VD3\VD3.csproj", "{C6E273BB-9AD0-4FB8-A9E8-9056FF61DBCC}"
EndProject
Project("{FAE04EC0-301F-11D3-BF4B-00C04F79EFBC}") = "VD4", "VD4\VD4.csproj", "{86AC58B8-F313-47B9-A6AB-68386461455B}"
EndProject
Project("{FAE04EC0-301F-11D3-BF4B-00C04F79EFBC}") = "VD5", "VD5\VD5.csproj", "{955F5859-03A9-45BB-BFF7-E84EC0F794E6}"
EndProject
Project("{FAE04EC0-301F-11D3-BF4B-00C04F79EFBC}") = "VD6", "VD6\VD6.csproj", "{02E5015C-E378-4EB2-971D-7B4B772B0A7B}"
EndProject
Global
	GlobalSection(SolutionConfigurationPlatforms) = preSolution
		Debug|Any CPU = Debug|Any CPU
		Release|Any CPU = Release|Any CPU
	EndGlobalSection
	GlobalSection(ProjectConfigurationPlatforms) = postSolution
		{F491448E-C09C-4124-822D-11170C054726}.Debug|Any CPU.ActiveCfg = Debug|Any CPU
		{F491448E-C09C-4124-822D-11170C054726}.Debug|Any CPU.Build.0 = Debug|Any CPU
		{F491448E-C09C-4124-822D-11170C054726}.Release|Any CPU.ActiveCfg = Release|Any CPU
		{F491448E-C09C-4124-822D-11170C054726}.Release|Any CPU.Build.0 = Release|Any CPU
		{6391EA26-BCE1-4DBD-A3E5-38C7D71516DA}.Debug|Any CPU.ActiveCfg = Debug|Any CPU
		{6391EA26-BCE1-4DBD-A3E5-38C7D71516DA}.Debug|Any CPU.Build.0 = Debug|Any CPU
		{6391EA26-BCE1-4DBD-A3E5-38C7D71516DA}.Release|Any CPU.ActiveCfg = Release|Any CPU
		{6391EA26-BCE1-4DBD-A3E5-38C7D71516DA}.Release|Any CPU.Build.0 = Release|Any CPU
		{C6E273BB-9AD0-4FB8-A9E8-9056FF61DBCC}.Debug|Any CPU.ActiveCfg = Debug|Any CPU
		{C6E273BB-9AD0-4FB8-A9E8-9056FF61DBCC}.Debug|Any CPU.Build.0 = Debug|Any CPU
		{C6E273BB-9AD0-4FB8-A9E8-9056FF61DBCC}.Release|Any CPU.ActiveCfg = Release|Any CPU
		{C6E273BB-9AD0-4FB8-A9E8-9056FF61DBCC}.Release|Any CPU.Build.0 = Release|Any CPU
		{86AC58B8-F313-47B9-A6AB-68386461455B}.Debug|Any CPU.ActiveCfg = Debug|Any CPU
		{86AC58B8-F313-47B9-A6AB-68386461455B}.Debug|Any CPU.Build.0 = Debug|Any CPU
		{86AC58B8-F313-47B9-A6AB-68386461455B}.Release|Any CPU.ActiveCfg = Release|Any CPU
		{86AC58B8-F313-47B9-A6AB-68386461455B}.Release|Any CPU.Build.0 = Release|Any CPU
		{955F5859-03A9-45BB-BFF7-E84EC0F794E6}.Debug|Any CPU.ActiveCfg = Debug|Any CPU
		{955F5859-03A9-45BB-BFF7-E84EC0F794E6}.Debug|Any CPU.Build.0 = Debug|Any CPU
		{955F5859-03A9-45BB-BFF7-E84EC0F794E6}.Release|Any CPU.ActiveCfg = Release|Any CPU
		{955F5859-03A9-45BB-BFF7-E84EC0F794E6}.Release|Any CPU.Build.0 = Release|Any CPU
		{02E5015C-E378-4EB2-971D-7B4B772B0A7B}.Debug|Any CPU.ActiveCfg = Debug|Any CPU
		{02E5015C-E378-4EB2-971D-7B4B772B0A7B}.Debug|Any CPU.Build.0 = Debug|Any CPU
		{02E5015C-E378-4EB2-971D-7B4B772B0A7B}.Release|Any CPU.ActiveCfg = Release|Any CPU
		{02E5015C-E378-4EB2-971D-7B4B772B0A7B}.Release|Any CPU.Build.0 = Release|Any CPU
	EndGlobalSection
	GlobalSection(SolutionProperties) = preSolution
		HideSolutionNode = FALSE
	EndGlobalSection
	GlobalSection(ExtensibilityGlobals) = postSolution
		SolutionGuid = {D880C6B4-FED6-4769-A78E-F590B884883F}
	EndGlobalSection
EndGlobal
